// !$*UTF8*$!
{
	archiveVersion = 1;
	classes = {
	};
	objectVersion = 77;
	objects = {

/* Begin PBXBuildFile section */
		08406D87E8AE70A10C694762 /* WorkspaceManager.swift in Sources */ = {isa = PBXBuildFile; fileRef = 99435101C2716BDC6A29E276 /* WorkspaceManager.swift */; };
		16999A192D3D978E0006EA91 /* ShortcutRecorder in Frameworks */ = {isa = PBXBuildFile; productRef = 16999A182D3D978E0006EA91 /* ShortcutRecorder */; };
		16999AE42D3DC77A0006EA91 /* ServiceManagement.framework in Frameworks */ = {isa = PBXBuildFile; fileRef = 16999AE32D3DC77A0006EA91 /* ServiceManagement.framework */; };
		25750D5FABBBF407779F2274 /* HotKeyControl.swift in Sources */ = {isa = PBXBuildFile; fileRef = 97BED2C7A17B2EF8E64279EA /* HotKeyControl.swift */; };
		36C97E6C7C582D36ADA2CA9C /* NotificationName.swift in Sources */ = {isa = PBXBuildFile; fileRef = AFA065A8C8B0E063D8C60A76 /* NotificationName.swift */; };
		452BEC518A2B8A22B6FB7EA7 /* HotKeysManager.swift in Sources */ = {isa = PBXBuildFile; fileRef = 023F66384918C89558995EC6 /* HotKeysManager.swift */; };
		48091E66AC5AD177744588F9 /* Workspace.swift in Sources */ = {isa = PBXBuildFile; fileRef = 2E8A910D9316B99AA168783A /* Workspace.swift */; };
		4D19E30B5D2B6CACF42FE5E7 /* WorkspaceRepository.swift in Sources */ = {isa = PBXBuildFile; fileRef = 9F937D2CBFA74640A70D5236 /* WorkspaceRepository.swift */; };
		736FB1E0859ACC9321BD2863 /* MainViewModel.swift in Sources */ = {isa = PBXBuildFile; fileRef = 70138FD5AE794EE94F006CC1 /* MainViewModel.swift */; };
		81CADED6E04777ADA49C2257 /* HotKeysMonitor.swift in Sources */ = {isa = PBXBuildFile; fileRef = B9DED2837DB55CC0C1B7F5BA /* HotKeysMonitor.swift */; };
		A56B6FA68C5C688C5BAD2682 /* Shortcut.swift in Sources */ = {isa = PBXBuildFile; fileRef = 5F8D90F8EE33FFC0DB1A2DC7 /* Shortcut.swift */; };
		A8510A6BE9F3F8C2787A5996 /* InputDialog.swift in Sources */ = {isa = PBXBuildFile; fileRef = A62AD825241B91E4BB74C647 /* InputDialog.swift */; };
		BE02D61152666F82BA9C68D1 /* CGRect.swift in Sources */ = {isa = PBXBuildFile; fileRef = 8808B0E6B40949F55A001A63 /* CGRect.swift */; };
		C2361FA2E6BD841E62ED81A3 /* AutostartService.swift in Sources */ = {isa = PBXBuildFile; fileRef = 5AB52E58777D6FCD2FD77ADD /* AutostartService.swift */; };
		CA65DED962CD106A86C389C2 /* NSRunningApplication.swift in Sources */ = {isa = PBXBuildFile; fileRef = CE2E1D011156B9FFF828F2E9 /* NSRunningApplication.swift */; };
		D34527E759926A9F18A2FAB9 /* AppDependencies.swift in Sources */ = {isa = PBXBuildFile; fileRef = D205781B65E6E204C80528A6 /* AppDependencies.swift */; };
		F5A37086001DD9C0101A0FAD /* FocusedWindowTracker.swift in Sources */ = {isa = PBXBuildFile; fileRef = A4CF60E34F5BA43C2CC57B16 /* FocusedWindowTracker.swift */; };
		F5B4F8D82EBC8712EE792F81 /* FileChooser.swift in Sources */ = {isa = PBXBuildFile; fileRef = 36E4723ECEA5C6DD2BDA559F /* FileChooser.swift */; };
/* End PBXBuildFile section */

/* Begin PBXFileReference section */
		023F66384918C89558995EC6 /* HotKeysManager.swift */ = {isa = PBXFileReference; includeInIndex = 1; lastKnownFileType = sourcecode.swift; path = HotKeysManager.swift; sourceTree = "<group>"; };
		16999A052D3D97770006EA91 /* FlashSpace-Dev.app */ = {isa = PBXFileReference; explicitFileType = wrapper.application; includeInIndex = 0; path = "FlashSpace-Dev.app"; sourceTree = BUILT_PRODUCTS_DIR; };
		16999AE32D3DC77A0006EA91 /* ServiceManagement.framework */ = {isa = PBXFileReference; lastKnownFileType = wrapper.framework; name = ServiceManagement.framework; path = System/Library/Frameworks/ServiceManagement.framework; sourceTree = SDKROOT; };
		2E8A910D9316B99AA168783A /* Workspace.swift */ = {isa = PBXFileReference; includeInIndex = 1; lastKnownFileType = sourcecode.swift; path = Workspace.swift; sourceTree = "<group>"; };
		36E4723ECEA5C6DD2BDA559F /* FileChooser.swift */ = {isa = PBXFileReference; includeInIndex = 1; lastKnownFileType = sourcecode.swift; path = FileChooser.swift; sourceTree = "<group>"; };
		5AB52E58777D6FCD2FD77ADD /* AutostartService.swift */ = {isa = PBXFileReference; includeInIndex = 1; lastKnownFileType = sourcecode.swift; path = AutostartService.swift; sourceTree = "<group>"; };
		5F8D90F8EE33FFC0DB1A2DC7 /* Shortcut.swift */ = {isa = PBXFileReference; includeInIndex = 1; lastKnownFileType = sourcecode.swift; path = Shortcut.swift; sourceTree = "<group>"; };
		70138FD5AE794EE94F006CC1 /* MainViewModel.swift */ = {isa = PBXFileReference; includeInIndex = 1; lastKnownFileType = sourcecode.swift; path = MainViewModel.swift; sourceTree = "<group>"; };
		8808B0E6B40949F55A001A63 /* CGRect.swift */ = {isa = PBXFileReference; includeInIndex = 1; lastKnownFileType = sourcecode.swift; path = CGRect.swift; sourceTree = "<group>"; };
		97BED2C7A17B2EF8E64279EA /* HotKeyControl.swift */ = {isa = PBXFileReference; includeInIndex = 1; lastKnownFileType = sourcecode.swift; path = HotKeyControl.swift; sourceTree = "<group>"; };
		99435101C2716BDC6A29E276 /* WorkspaceManager.swift */ = {isa = PBXFileReference; includeInIndex = 1; lastKnownFileType = sourcecode.swift; path = WorkspaceManager.swift; sourceTree = "<group>"; };
		9F937D2CBFA74640A70D5236 /* WorkspaceRepository.swift */ = {isa = PBXFileReference; includeInIndex = 1; lastKnownFileType = sourcecode.swift; path = WorkspaceRepository.swift; sourceTree = "<group>"; };
		A4CF60E34F5BA43C2CC57B16 /* FocusedWindowTracker.swift */ = {isa = PBXFileReference; includeInIndex = 1; lastKnownFileType = sourcecode.swift; path = FocusedWindowTracker.swift; sourceTree = "<group>"; };
		A62AD825241B91E4BB74C647 /* InputDialog.swift */ = {isa = PBXFileReference; includeInIndex = 1; lastKnownFileType = sourcecode.swift; path = InputDialog.swift; sourceTree = "<group>"; };
		AFA065A8C8B0E063D8C60A76 /* NotificationName.swift */ = {isa = PBXFileReference; includeInIndex = 1; lastKnownFileType = sourcecode.swift; path = NotificationName.swift; sourceTree = "<group>"; };
		B9DED2837DB55CC0C1B7F5BA /* HotKeysMonitor.swift */ = {isa = PBXFileReference; includeInIndex = 1; lastKnownFileType = sourcecode.swift; path = HotKeysMonitor.swift; sourceTree = "<group>"; };
		CE2E1D011156B9FFF828F2E9 /* NSRunningApplication.swift */ = {isa = PBXFileReference; includeInIndex = 1; lastKnownFileType = sourcecode.swift; path = NSRunningApplication.swift; sourceTree = "<group>"; };
		D205781B65E6E204C80528A6 /* AppDependencies.swift */ = {isa = PBXFileReference; includeInIndex = 1; lastKnownFileType = sourcecode.swift; path = AppDependencies.swift; sourceTree = "<group>"; };
/* End PBXFileReference section */

/* Begin PBXFileSystemSynchronizedRootGroup section */
		16999A072D3D97770006EA91 /* FlashSpace */ = {
			isa = PBXFileSystemSynchronizedRootGroup;
			exceptions = (
			);
			path = FlashSpace;
			sourceTree = "<group>";
		};
/* End PBXFileSystemSynchronizedRootGroup section */

/* Begin PBXFrameworksBuildPhase section */
		16999A022D3D97770006EA91 /* Frameworks */ = {
			isa = PBXFrameworksBuildPhase;
			buildActionMask = 2147483647;
			files = (
				16999A192D3D978E0006EA91 /* ShortcutRecorder in Frameworks */,
				16999AE42D3DC77A0006EA91 /* ServiceManagement.framework in Frameworks */,
			);
			runOnlyForDeploymentPostprocessing = 0;
		};
/* End PBXFrameworksBuildPhase section */

/* Begin PBXGroup section */
		169999FC2D3D97770006EA91 = {
			isa = PBXGroup;
			children = (
				16999A072D3D97770006EA91 /* FlashSpace */,
				16999AE22D3DC77A0006EA91 /* Frameworks */,
				16999A062D3D97770006EA91 /* Products */,
			);
			sourceTree = "<group>";
		};
		16999A062D3D97770006EA91 /* Products */ = {
			isa = PBXGroup;
			children = (
				16999A052D3D97770006EA91 /* FlashSpace-Dev.app */,
				F28C601DC1BA19FB5E1C6170 /* FlashSpace */,
			);
			name = Products;
			sourceTree = "<group>";
		};
		16999AE22D3DC77A0006EA91 /* Frameworks */ = {
			isa = PBXGroup;
			children = (
				16999AE32D3DC77A0006EA91 /* ServiceManagement.framework */,
			);
			name = Frameworks;
			sourceTree = "<group>";
		};
		2ED8961E1ED2FC057CEC216E /* Models */ = {
			isa = PBXGroup;
			children = (
				2E8A910D9316B99AA168783A /* Workspace.swift */,
			);
			name = Models;
			path = Models;
			sourceTree = "<group>";
		};
		7EB1F594BBFF6E61CC9CE973 /* Extensions */ = {
			isa = PBXGroup;
			children = (
				CE2E1D011156B9FFF828F2E9 /* NSRunningApplication.swift */,
				8808B0E6B40949F55A001A63 /* CGRect.swift */,
				5F8D90F8EE33FFC0DB1A2DC7 /* Shortcut.swift */,
				AFA065A8C8B0E063D8C60A76 /* NotificationName.swift */,
			);
			path = Extensions;
			sourceTree = "<group>";
		};
		9E33511F751690653F748F15 /* Core */ = {
			isa = PBXGroup;
			children = (
				99435101C2716BDC6A29E276 /* WorkspaceManager.swift */,
				9F937D2CBFA74640A70D5236 /* WorkspaceRepository.swift */,
				D205781B65E6E204C80528A6 /* AppDependencies.swift */,
				A4CF60E34F5BA43C2CC57B16 /* FocusedWindowTracker.swift */,
			);
			path = Core;
			sourceTree = "<group>";
		};
		CBCDE0143450792BABF27B6D /* Components */ = {
			isa = PBXGroup;
			children = (
				97BED2C7A17B2EF8E64279EA /* HotKeyControl.swift */,
				A62AD825241B91E4BB74C647 /* InputDialog.swift */,
			);
			path = Components;
			sourceTree = "<group>";
		};
		E6341F230CBEF01667454D82 /* Utils */ = {
			isa = PBXGroup;
			children = (
				B9DED2837DB55CC0C1B7F5BA /* HotKeysMonitor.swift */,
				023F66384918C89558995EC6 /* HotKeysManager.swift */,
				36E4723ECEA5C6DD2BDA559F /* FileChooser.swift */,
				5AB52E58777D6FCD2FD77ADD /* AutostartService.swift */,
			);
			path = Utils;
			sourceTree = "<group>";
		};
		F28C601DC1BA19FB5E1C6170 /* FlashSpace */ = {
			isa = PBXGroup;
			children = (
				9E33511F751690653F748F15 /* Core */,
				7EB1F594BBFF6E61CC9CE973 /* Extensions */,
				70138FD5AE794EE94F006CC1 /* MainViewModel.swift */,
				CBCDE0143450792BABF27B6D /* Components */,
				E6341F230CBEF01667454D82 /* Utils */,
				2ED8961E1ED2FC057CEC216E /* Models */,
			);
			path = FlashSpace;
			sourceTree = "<group>";
		};
/* End PBXGroup section */

/* Begin PBXNativeTarget section */
		16999A042D3D97770006EA91 /* FlashSpace */ = {
			isa = PBXNativeTarget;
			buildConfigurationList = 16999A142D3D97780006EA91 /* Build configuration list for PBXNativeTarget "FlashSpace" */;
			buildPhases = (
				16999A012D3D97770006EA91 /* Sources */,
				16999A022D3D97770006EA91 /* Frameworks */,
				16999A032D3D97770006EA91 /* Resources */,
			);
			buildRules = (
			);
			dependencies = (
			);
			fileSystemSynchronizedGroups = (
				16999A072D3D97770006EA91 /* FlashSpace */,
			);
			name = FlashSpace;
			packageProductDependencies = (
				16999A182D3D978E0006EA91 /* ShortcutRecorder */,
			);
			productName = FlashSpace;
			productReference = 16999A052D3D97770006EA91 /* FlashSpace-Dev.app */;
			productType = "com.apple.product-type.application";
		};
/* End PBXNativeTarget section */

/* Begin PBXProject section */
		169999FD2D3D97770006EA91 /* Project object */ = {
			isa = PBXProject;
			attributes = {
				BuildIndependentTargetsInParallel = 1;
				LastSwiftUpdateCheck = 1620;
				LastUpgradeCheck = 1620;
				TargetAttributes = {
					16999A042D3D97770006EA91 = {
						CreatedOnToolsVersion = 16.2;
					};
				};
			};
			buildConfigurationList = 16999A002D3D97770006EA91 /* Build configuration list for PBXProject "FlashSpace" */;
			developmentRegion = en;
			hasScannedForEncodings = 0;
			knownRegions = (
				en,
				Base,
			);
			mainGroup = 169999FC2D3D97770006EA91;
			minimizedProjectReferenceProxies = 1;
			packageReferences = (
				16999A172D3D978E0006EA91 /* XCRemoteSwiftPackageReference "ShortcutRecorder" */,
			);
			preferredProjectObjectVersion = 77;
			productRefGroup = 16999A062D3D97770006EA91 /* Products */;
			projectDirPath = "";
			projectRoot = "";
			targets = (
				16999A042D3D97770006EA91 /* FlashSpace */,
			);
		};
/* End PBXProject section */

/* Begin PBXResourcesBuildPhase section */
		16999A032D3D97770006EA91 /* Resources */ = {
			isa = PBXResourcesBuildPhase;
			buildActionMask = 2147483647;
			files = (
			);
			runOnlyForDeploymentPostprocessing = 0;
		};
/* End PBXResourcesBuildPhase section */

/* Begin PBXSourcesBuildPhase section */
		16999A012D3D97770006EA91 /* Sources */ = {
			isa = PBXSourcesBuildPhase;
			buildActionMask = 2147483647;
			files = (
				08406D87E8AE70A10C694762 /* WorkspaceManager.swift in Sources */,
				CA65DED962CD106A86C389C2 /* NSRunningApplication.swift in Sources */,
				BE02D61152666F82BA9C68D1 /* CGRect.swift in Sources */,
				736FB1E0859ACC9321BD2863 /* MainViewModel.swift in Sources */,
				A56B6FA68C5C688C5BAD2682 /* Shortcut.swift in Sources */,
				25750D5FABBBF407779F2274 /* HotKeyControl.swift in Sources */,
				81CADED6E04777ADA49C2257 /* HotKeysMonitor.swift in Sources */,
				452BEC518A2B8A22B6FB7EA7 /* HotKeysManager.swift in Sources */,
				4D19E30B5D2B6CACF42FE5E7 /* WorkspaceRepository.swift in Sources */,
				D34527E759926A9F18A2FAB9 /* AppDependencies.swift in Sources */,
				F5B4F8D82EBC8712EE792F81 /* FileChooser.swift in Sources */,
				A8510A6BE9F3F8C2787A5996 /* InputDialog.swift in Sources */,
				C2361FA2E6BD841E62ED81A3 /* AutostartService.swift in Sources */,
				F5A37086001DD9C0101A0FAD /* FocusedWindowTracker.swift in Sources */,
				48091E66AC5AD177744588F9 /* Workspace.swift in Sources */,
				36C97E6C7C582D36ADA2CA9C /* NotificationName.swift in Sources */,
			);
			runOnlyForDeploymentPostprocessing = 0;
		};
/* End PBXSourcesBuildPhase section */

/* Begin XCBuildConfiguration section */
		16999A122D3D97780006EA91 /* Debug */ = {
			isa = XCBuildConfiguration;
			buildSettings = {
				ALWAYS_SEARCH_USER_PATHS = NO;
				ASSETCATALOG_COMPILER_GENERATE_SWIFT_ASSET_SYMBOL_EXTENSIONS = YES;
				CLANG_ANALYZER_NONNULL = YES;
				CLANG_ANALYZER_NUMBER_OBJECT_CONVERSION = YES_AGGRESSIVE;
				CLANG_CXX_LANGUAGE_STANDARD = "gnu++20";
				CLANG_ENABLE_MODULES = YES;
				CLANG_ENABLE_OBJC_ARC = YES;
				CLANG_ENABLE_OBJC_WEAK = YES;
				CLANG_WARN_BLOCK_CAPTURE_AUTORELEASING = YES;
				CLANG_WARN_BOOL_CONVERSION = YES;
				CLANG_WARN_COMMA = YES;
				CLANG_WARN_CONSTANT_CONVERSION = YES;
				CLANG_WARN_DEPRECATED_OBJC_IMPLEMENTATIONS = YES;
				CLANG_WARN_DIRECT_OBJC_ISA_USAGE = YES_ERROR;
				CLANG_WARN_DOCUMENTATION_COMMENTS = YES;
				CLANG_WARN_EMPTY_BODY = YES;
				CLANG_WARN_ENUM_CONVERSION = YES;
				CLANG_WARN_INFINITE_RECURSION = YES;
				CLANG_WARN_INT_CONVERSION = YES;
				CLANG_WARN_NON_LITERAL_NULL_CONVERSION = YES;
				CLANG_WARN_OBJC_IMPLICIT_RETAIN_SELF = YES;
				CLANG_WARN_OBJC_LITERAL_CONVERSION = YES;
				CLANG_WARN_OBJC_ROOT_CLASS = YES_ERROR;
				CLANG_WARN_QUOTED_INCLUDE_IN_FRAMEWORK_HEADER = YES;
				CLANG_WARN_RANGE_LOOP_ANALYSIS = YES;
				CLANG_WARN_STRICT_PROTOTYPES = YES;
				CLANG_WARN_SUSPICIOUS_MOVE = YES;
				CLANG_WARN_UNGUARDED_AVAILABILITY = YES_AGGRESSIVE;
				CLANG_WARN_UNREACHABLE_CODE = YES;
				CLANG_WARN__DUPLICATE_METHOD_MATCH = YES;
				COPY_PHASE_STRIP = NO;
				DEBUG_INFORMATION_FORMAT = dwarf;
				ENABLE_STRICT_OBJC_MSGSEND = YES;
				ENABLE_TESTABILITY = YES;
				ENABLE_USER_SCRIPT_SANDBOXING = YES;
				GCC_C_LANGUAGE_STANDARD = gnu17;
				GCC_DYNAMIC_NO_PIC = NO;
				GCC_NO_COMMON_BLOCKS = YES;
				GCC_OPTIMIZATION_LEVEL = 0;
				GCC_PREPROCESSOR_DEFINITIONS = (
					"DEBUG=1",
					"$(inherited)",
				);
				GCC_WARN_64_TO_32_BIT_CONVERSION = YES;
				GCC_WARN_ABOUT_RETURN_TYPE = YES_ERROR;
				GCC_WARN_UNDECLARED_SELECTOR = YES;
				GCC_WARN_UNINITIALIZED_AUTOS = YES_AGGRESSIVE;
				GCC_WARN_UNUSED_FUNCTION = YES;
				GCC_WARN_UNUSED_VARIABLE = YES;
				LOCALIZATION_PREFERS_STRING_CATALOGS = YES;
				MACOSX_DEPLOYMENT_TARGET = 15.1;
				MTL_ENABLE_DEBUG_INFO = INCLUDE_SOURCE;
				MTL_FAST_MATH = YES;
				ONLY_ACTIVE_ARCH = YES;
				SDKROOT = macosx;
				SWIFT_ACTIVE_COMPILATION_CONDITIONS = "DEBUG $(inherited)";
				SWIFT_OPTIMIZATION_LEVEL = "-Onone";
			};
			name = Debug;
		};
		16999A132D3D97780006EA91 /* Release */ = {
			isa = XCBuildConfiguration;
			buildSettings = {
				ALWAYS_SEARCH_USER_PATHS = NO;
				ASSETCATALOG_COMPILER_GENERATE_SWIFT_ASSET_SYMBOL_EXTENSIONS = YES;
				CLANG_ANALYZER_NONNULL = YES;
				CLANG_ANALYZER_NUMBER_OBJECT_CONVERSION = YES_AGGRESSIVE;
				CLANG_CXX_LANGUAGE_STANDARD = "gnu++20";
				CLANG_ENABLE_MODULES = YES;
				CLANG_ENABLE_OBJC_ARC = YES;
				CLANG_ENABLE_OBJC_WEAK = YES;
				CLANG_WARN_BLOCK_CAPTURE_AUTORELEASING = YES;
				CLANG_WARN_BOOL_CONVERSION = YES;
				CLANG_WARN_COMMA = YES;
				CLANG_WARN_CONSTANT_CONVERSION = YES;
				CLANG_WARN_DEPRECATED_OBJC_IMPLEMENTATIONS = YES;
				CLANG_WARN_DIRECT_OBJC_ISA_USAGE = YES_ERROR;
				CLANG_WARN_DOCUMENTATION_COMMENTS = YES;
				CLANG_WARN_EMPTY_BODY = YES;
				CLANG_WARN_ENUM_CONVERSION = YES;
				CLANG_WARN_INFINITE_RECURSION = YES;
				CLANG_WARN_INT_CONVERSION = YES;
				CLANG_WARN_NON_LITERAL_NULL_CONVERSION = YES;
				CLANG_WARN_OBJC_IMPLICIT_RETAIN_SELF = YES;
				CLANG_WARN_OBJC_LITERAL_CONVERSION = YES;
				CLANG_WARN_OBJC_ROOT_CLASS = YES_ERROR;
				CLANG_WARN_QUOTED_INCLUDE_IN_FRAMEWORK_HEADER = YES;
				CLANG_WARN_RANGE_LOOP_ANALYSIS = YES;
				CLANG_WARN_STRICT_PROTOTYPES = YES;
				CLANG_WARN_SUSPICIOUS_MOVE = YES;
				CLANG_WARN_UNGUARDED_AVAILABILITY = YES_AGGRESSIVE;
				CLANG_WARN_UNREACHABLE_CODE = YES;
				CLANG_WARN__DUPLICATE_METHOD_MATCH = YES;
				COPY_PHASE_STRIP = NO;
				DEBUG_INFORMATION_FORMAT = "dwarf-with-dsym";
				ENABLE_NS_ASSERTIONS = NO;
				ENABLE_STRICT_OBJC_MSGSEND = YES;
				ENABLE_USER_SCRIPT_SANDBOXING = YES;
				GCC_C_LANGUAGE_STANDARD = gnu17;
				GCC_NO_COMMON_BLOCKS = YES;
				GCC_WARN_64_TO_32_BIT_CONVERSION = YES;
				GCC_WARN_ABOUT_RETURN_TYPE = YES_ERROR;
				GCC_WARN_UNDECLARED_SELECTOR = YES;
				GCC_WARN_UNINITIALIZED_AUTOS = YES_AGGRESSIVE;
				GCC_WARN_UNUSED_FUNCTION = YES;
				GCC_WARN_UNUSED_VARIABLE = YES;
				LOCALIZATION_PREFERS_STRING_CATALOGS = YES;
				MACOSX_DEPLOYMENT_TARGET = 15.1;
				MTL_ENABLE_DEBUG_INFO = NO;
				MTL_FAST_MATH = YES;
				SDKROOT = macosx;
				SWIFT_COMPILATION_MODE = wholemodule;
			};
			name = Release;
		};
		16999A152D3D97780006EA91 /* Debug */ = {
			isa = XCBuildConfiguration;
			buildSettings = {
				ASSETCATALOG_COMPILER_APPICON_NAME = AppIcon;
				ASSETCATALOG_COMPILER_GLOBAL_ACCENT_COLOR_NAME = AccentColor;
				CODE_SIGN_ENTITLEMENTS = FlashSpace/FlashSpace.entitlements;
				"CODE_SIGN_IDENTITY[sdk=macosx*]" = "Apple Development";
				CODE_SIGN_STYLE = Automatic;
				COMBINE_HIDPI_IMAGES = YES;
				CURRENT_PROJECT_VERSION = 2;
				DEVELOPMENT_ASSET_PATHS = "\"FlashSpace/Preview Content\"";
				DEVELOPMENT_TEAM = ZL6756Q8Q2;
				ENABLE_HARDENED_RUNTIME = YES;
				ENABLE_PREVIEWS = YES;
				GENERATE_INFOPLIST_FILE = YES;
				INFOPLIST_KEY_CFBundleDisplayName = "FlashSpace DEV";
				INFOPLIST_KEY_LSApplicationCategoryType = "public.app-category.productivity";
				INFOPLIST_KEY_LSUIElement = YES;
				INFOPLIST_KEY_NSHumanReadableCopyright = "";
				LD_RUNPATH_SEARCH_PATHS = (
					"$(inherited)",
					"@executable_path/../Frameworks",
				);
				MACOSX_DEPLOYMENT_TARGET = 14.0;
				MARKETING_VERSION = 0.1.2;
				PRODUCT_BUNDLE_IDENTIFIER = pl.wojciechkulik.FlashSpace.dev;
				PRODUCT_NAME = "$(TARGET_NAME)-Dev";
				SWIFT_EMIT_LOC_STRINGS = YES;
				SWIFT_VERSION = 5.0;
			};
			name = Debug;
		};
		16999A162D3D97780006EA91 /* Release */ = {
			isa = XCBuildConfiguration;
			buildSettings = {
				ASSETCATALOG_COMPILER_APPICON_NAME = AppIcon;
				ASSETCATALOG_COMPILER_GLOBAL_ACCENT_COLOR_NAME = AccentColor;
				CODE_SIGN_ENTITLEMENTS = FlashSpace/FlashSpace.entitlements;
				"CODE_SIGN_IDENTITY[sdk=macosx*]" = "Apple Development";
				CODE_SIGN_STYLE = Automatic;
				COMBINE_HIDPI_IMAGES = YES;
				CURRENT_PROJECT_VERSION = 2;
				DEVELOPMENT_ASSET_PATHS = "\"FlashSpace/Preview Content\"";
				DEVELOPMENT_TEAM = ZL6756Q8Q2;
				ENABLE_HARDENED_RUNTIME = YES;
				ENABLE_PREVIEWS = YES;
				GENERATE_INFOPLIST_FILE = YES;
				INFOPLIST_KEY_CFBundleDisplayName = FlashSpace;
				INFOPLIST_KEY_LSApplicationCategoryType = "public.app-category.productivity";
				INFOPLIST_KEY_LSUIElement = YES;
				INFOPLIST_KEY_NSHumanReadableCopyright = "";
				LD_RUNPATH_SEARCH_PATHS = (
					"$(inherited)",
					"@executable_path/../Frameworks",
				);
				MACOSX_DEPLOYMENT_TARGET = 14.0;
				MARKETING_VERSION = 0.1.2;
				PRODUCT_BUNDLE_IDENTIFIER = pl.wojciechkulik.FlashSpace;
				PRODUCT_NAME = "$(TARGET_NAME)";
				SWIFT_EMIT_LOC_STRINGS = YES;
				SWIFT_VERSION = 5.0;
			};
			name = Release;
		};
/* End XCBuildConfiguration section */

/* Begin XCConfigurationList section */
		16999A002D3D97770006EA91 /* Build configuration list for PBXProject "FlashSpace" */ = {
			isa = XCConfigurationList;
			buildConfigurations = (
				16999A122D3D97780006EA91 /* Debug */,
				16999A132D3D97780006EA91 /* Release */,
			);
			defaultConfigurationIsVisible = 0;
			defaultConfigurationName = Release;
		};
		16999A142D3D97780006EA91 /* Build configuration list for PBXNativeTarget "FlashSpace" */ = {
			isa = XCConfigurationList;
			buildConfigurations = (
				16999A152D3D97780006EA91 /* Debug */,
				16999A162D3D97780006EA91 /* Release */,
			);
			defaultConfigurationIsVisible = 0;
			defaultConfigurationName = Release;
		};
/* End XCConfigurationList section */

/* Begin XCRemoteSwiftPackageReference section */
		16999A172D3D978E0006EA91 /* XCRemoteSwiftPackageReference "ShortcutRecorder" */ = {
			isa = XCRemoteSwiftPackageReference;
			repositoryURL = "https://github.com/Kentzo/ShortcutRecorder";
			requirement = {
				kind = upToNextMajorVersion;
				minimumVersion = 3.4.0;
			};
		};
/* End XCRemoteSwiftPackageReference section */

/* Begin XCSwiftPackageProductDependency section */
		16999A182D3D978E0006EA91 /* ShortcutRecorder */ = {
			isa = XCSwiftPackageProductDependency;
			package = 16999A172D3D978E0006EA91 /* XCRemoteSwiftPackageReference "ShortcutRecorder" */;
			productName = ShortcutRecorder;
		};
/* End XCSwiftPackageProductDependency section */
	};
	rootObject = 169999FD2D3D97770006EA91 /* Project object */;
}
